// !$*UTF8*$!
{
	archiveVersion = 1;
	classes = {
	};
	objectVersion = 46;
	objects = {

/* Begin PBXBuildFile section */
		73E36CF61C99BEB600F244D3 /* AppDelegate.swift in Sources */ = {isa = PBXBuildFile; fileRef = 73E36CF51C99BEB600F244D3 /* AppDelegate.swift */; };
		73E36CF81C99BEB600F244D3 /* GameScene.sks in Resources */ = {isa = PBXBuildFile; fileRef = 73E36CF71C99BEB600F244D3 /* GameScene.sks */; };
		73E36CFA1C99BEB600F244D3 /* GameScene.swift in Sources */ = {isa = PBXBuildFile; fileRef = 73E36CF91C99BEB600F244D3 /* GameScene.swift */; };
		73E36CFC1C99BEB600F244D3 /* GameViewController.swift in Sources */ = {isa = PBXBuildFile; fileRef = 73E36CFB1C99BEB600F244D3 /* GameViewController.swift */; };
		73E36CFF1C99BEB600F244D3 /* Main.storyboard in Resources */ = {isa = PBXBuildFile; fileRef = 73E36CFD1C99BEB600F244D3 /* Main.storyboard */; };
		73E36D011C99BEB600F244D3 /* Assets.xcassets in Resources */ = {isa = PBXBuildFile; fileRef = 73E36D001C99BEB600F244D3 /* Assets.xcassets */; };
		73E36D041C99BEB600F244D3 /* LaunchScreen.storyboard in Resources */ = {isa = PBXBuildFile; fileRef = 73E36D021C99BEB600F244D3 /* LaunchScreen.storyboard */; };
		73E36D101C99BF0700F244D3 /* bg.png in Resources */ = {isa = PBXBuildFile; fileRef = 73E36D0B1C99BF0700F244D3 /* bg.png */; };
		73E36D111C99BF0700F244D3 /* flappy1.png in Resources */ = {isa = PBXBuildFile; fileRef = 73E36D0C1C99BF0700F244D3 /* flappy1.png */; };
		73E36D121C99BF0700F244D3 /* flappy2.png in Resources */ = {isa = PBXBuildFile; fileRef = 73E36D0D1C99BF0700F244D3 /* flappy2.png */; };
		73E36D131C99BF0700F244D3 /* pipe1.png in Resources */ = {isa = PBXBuildFile; fileRef = 73E36D0E1C99BF0700F244D3 /* pipe1.png */; };
		73E36D141C99BF0700F244D3 /* pipe2.png in Resources */ = {isa = PBXBuildFile; fileRef = 73E36D0F1C99BF0700F244D3 /* pipe2.png */; };
/* End PBXBuildFile section */

/* Begin PBXFileReference section */
		73E36CF21C99BEB500F244D3 /* Flappy Bird (Hoy).app */ = {isa = PBXFileReference; explicitFileType = wrapper.application; includeInIndex = 0; path = "Flappy Bird (Hoy).app"; sourceTree = BUILT_PRODUCTS_DIR; };
		73E36CF51C99BEB600F244D3 /* AppDelegate.swift */ = {isa = PBXFileReference; lastKnownFileType = sourcecode.swift; path = AppDelegate.swift; sourceTree = "<group>"; };
		73E36CF71C99BEB600F244D3 /* GameScene.sks */ = {isa = PBXFileReference; lastKnownFileType = file.sks; path = GameScene.sks; sourceTree = "<group>"; };
		73E36CF91C99BEB600F244D3 /* GameScene.swift */ = {isa = PBXFileReference; lastKnownFileType = sourcecode.swift; path = GameScene.swift; sourceTree = "<group>"; };
		73E36CFB1C99BEB600F244D3 /* GameViewController.swift */ = {isa = PBXFileReference; lastKnownFileType = sourcecode.swift; path = GameViewController.swift; sourceTree = "<group>"; };
		73E36CFE1C99BEB600F244D3 /* Base */ = {isa = PBXFileReference; lastKnownFileType = file.storyboard; name = Base; path = Base.lproj/Main.storyboard; sourceTree = "<group>"; };
		73E36D001C99BEB600F244D3 /* Assets.xcassets */ = {isa = PBXFileReference; lastKnownFileType = folder.assetcatalog; path = Assets.xcassets; sourceTree = "<group>"; };
		73E36D031C99BEB600F244D3 /* Base */ = {isa = PBXFileReference; lastKnownFileType = file.storyboard; name = Base; path = Base.lproj/LaunchScreen.storyboard; sourceTree = "<group>"; };
		73E36D051C99BEB600F244D3 /* Info.plist */ = {isa = PBXFileReference; lastKnownFileType = text.plist.xml; path = Info.plist; sourceTree = "<group>"; };
		73E36D0B1C99BF0700F244D3 /* bg.png */ = {isa = PBXFileReference; lastKnownFileType = image.png; path = bg.png; sourceTree = "<group>"; };
		73E36D0C1C99BF0700F244D3 /* flappy1.png */ = {isa = PBXFileReference; lastKnownFileType = image.png; path = flappy1.png; sourceTree = "<group>"; };
		73E36D0D1C99BF0700F244D3 /* flappy2.png */ = {isa = PBXFileReference; lastKnownFileType = image.png; path = flappy2.png; sourceTree = "<group>"; };
		73E36D0E1C99BF0700F244D3 /* pipe1.png */ = {isa = PBXFileReference; lastKnownFileType = image.png; path = pipe1.png; sourceTree = "<group>"; };
		73E36D0F1C99BF0700F244D3 /* pipe2.png */ = {isa = PBXFileReference; lastKnownFileType = image.png; path = pipe2.png; sourceTree = "<group>"; };
/* End PBXFileReference section */

/* Begin PBXFrameworksBuildPhase section */
		73E36CEF1C99BEB500F244D3 /* Frameworks */ = {
			isa = PBXFrameworksBuildPhase;
			buildActionMask = 2147483647;
			files = (
			);
			runOnlyForDeploymentPostprocessing = 0;
		};
/* End PBXFrameworksBuildPhase section */

/* Begin PBXGroup section */
		73E36CE91C99BEB500F244D3 = {
			isa = PBXGroup;
			children = (
				73E36CF41C99BEB500F244D3 /* Flappy Bird (Hoy) */,
				73E36CF31C99BEB500F244D3 /* Products */,
			);
			sourceTree = "<group>";
		};
		73E36CF31C99BEB500F244D3 /* Products */ = {
			isa = PBXGroup;
			children = (
				73E36CF21C99BEB500F244D3 /* Flappy Bird (Hoy).app */,
			);
			name = Products;
			sourceTree = "<group>";
		};
		73E36CF41C99BEB500F244D3 /* Flappy Bird (Hoy) */ = {
			isa = PBXGroup;
			children = (
				73E36CF51C99BEB600F244D3 /* AppDelegate.swift */,
				73E36CF71C99BEB600F244D3 /* GameScene.sks */,
				73E36CF91C99BEB600F244D3 /* GameScene.swift */,
				73E36CFB1C99BEB600F244D3 /* GameViewController.swift */,
				73E36CFD1C99BEB600F244D3 /* Main.storyboard */,
				73E36D001C99BEB600F244D3 /* Assets.xcassets */,
				73E36D021C99BEB600F244D3 /* LaunchScreen.storyboard */,
				73E36D051C99BEB600F244D3 /* Info.plist */,
				73E36D0B1C99BF0700F244D3 /* bg.png */,
				73E36D0C1C99BF0700F244D3 /* flappy1.png */,
				73E36D0D1C99BF0700F244D3 /* flappy2.png */,
				73E36D0E1C99BF0700F244D3 /* pipe1.png */,
				73E36D0F1C99BF0700F244D3 /* pipe2.png */,
			);
			path = "Flappy Bird (Hoy)";
			sourceTree = "<group>";
		};
/* End PBXGroup section */

/* Begin PBXNativeTarget section */
		73E36CF11C99BEB500F244D3 /* Flappy Bird (Hoy) */ = {
			isa = PBXNativeTarget;
			buildConfigurationList = 73E36D081C99BEB600F244D3 /* Build configuration list for PBXNativeTarget "Flappy Bird (Hoy)" */;
			buildPhases = (
				73E36CEE1C99BEB500F244D3 /* Sources */,
				73E36CEF1C99BEB500F244D3 /* Frameworks */,
				73E36CF01C99BEB500F244D3 /* Resources */,
			);
			buildRules = (
			);
			dependencies = (
			);
			name = "Flappy Bird (Hoy)";
			productName = "Flappy Bird (Hoy)";
			productReference = 73E36CF21C99BEB500F244D3 /* Flappy Bird (Hoy).app */;
			productType = "com.apple.product-type.application";
		};
/* End PBXNativeTarget section */

/* Begin PBXProject section */
		73E36CEA1C99BEB500F244D3 /* Project object */ = {
			isa = PBXProject;
			attributes = {
				LastSwiftUpdateCheck = 0720;
				LastUpgradeCheck = 0720;
				ORGANIZATIONNAME = "Hoyoung Jung";
				TargetAttributes = {
					73E36CF11C99BEB500F244D3 = {
						CreatedOnToolsVersion = 7.2.1;
						DevelopmentTeam = 32DXF22EH3;
					};
				};
			};
			buildConfigurationList = 73E36CED1C99BEB500F244D3 /* Build configuration list for PBXProject "Flappy Bird (Hoy)" */;
			compatibilityVersion = "Xcode 3.2";
			developmentRegion = English;
			hasScannedForEncodings = 0;
			knownRegions = (
				en,
				Base,
			);
			mainGroup = 73E36CE91C99BEB500F244D3;
			productRefGroup = 73E36CF31C99BEB500F244D3 /* Products */;
			projectDirPath = "";
			projectRoot = "";
			targets = (
				73E36CF11C99BEB500F244D3 /* Flappy Bird (Hoy) */,
			);
		};
/* End PBXProject section */

/* Begin PBXResourcesBuildPhase section */
		73E36CF01C99BEB500F244D3 /* Resources */ = {
			isa = PBXResourcesBuildPhase;
			buildActionMask = 2147483647;
			files = (
				73E36D121C99BF0700F244D3 /* flappy2.png in Resources */,
				73E36D101C99BF0700F244D3 /* bg.png in Resources */,
				73E36CF81C99BEB600F244D3 /* GameScene.sks in Resources */,
				73E36D131C99BF0700F244D3 /* pipe1.png in Resources */,
				73E36D041C99BEB600F244D3 /* LaunchScreen.storyboard in Resources */,
				73E36D141C99BF0700F244D3 /* pipe2.png in Resources */,
				73E36D011C99BEB600F244D3 /* Assets.xcassets in Resources */,
				73E36CFF1C99BEB600F244D3 /* Main.storyboard in Resources */,
				73E36D111C99BF0700F244D3 /* flappy1.png in Resources */,
			);
			runOnlyForDeploymentPostprocessing = 0;
		};
/* End PBXResourcesBuildPhase section */

/* Begin PBXSourcesBuildPhase section */
		73E36CEE1C99BEB500F244D3 /* Sources */ = {
			isa = PBXSourcesBuildPhase;
			buildActionMask = 2147483647;
			files = (
				73E36CFA1C99BEB600F244D3 /* GameScene.swift in Sources */,
				73E36CFC1C99BEB600F244D3 /* GameViewController.swift in Sources */,
				73E36CF61C99BEB600F244D3 /* AppDelegate.swift in Sources */,
			);
			runOnlyForDeploymentPostprocessing = 0;
		};
/* End PBXSourcesBuildPhase section */

/* Begin PBXVariantGroup section */
		73E36CFD1C99BEB600F244D3 /* Main.storyboard */ = {
			isa = PBXVariantGroup;
			children = (
				73E36CFE1C99BEB600F244D3 /* Base */,
			);
			name = Main.storyboard;
			sourceTree = "<group>";
		};
		73E36D021C99BEB600F244D3 /* LaunchScreen.storyboard */ = {
			isa = PBXVariantGroup;
			children = (
				73E36D031C99BEB600F244D3 /* Base */,
			);
			name = LaunchScreen.storyboard;
			sourceTree = "<group>";
		};
/* End PBXVariantGroup section */

/* Begin XCBuildConfiguration section */
		73E36D061C99BEB600F244D3 /* Debug */ = {
			isa = XCBuildConfiguration;
			buildSettings = {
				ALWAYS_SEARCH_USER_PATHS = NO;
				CLANG_CXX_LANGUAGE_STANDARD = "gnu++0x";
				CLANG_CXX_LIBRARY = "libc++";
				CLANG_ENABLE_MODULES = YES;
				CLANG_ENABLE_OBJC_ARC = YES;
				CLANG_WARN_BOOL_CONVERSION = YES;
				CLANG_WARN_CONSTANT_CONVERSION = YES;
				CLANG_WARN_DIRECT_OBJC_ISA_USAGE = YES_ERROR;
				CLANG_WARN_EMPTY_BODY = YES;
				CLANG_WARN_ENUM_CONVERSION = YES;
				CLANG_WARN_INT_CONVERSION = YES;
				CLANG_WARN_OBJC_ROOT_CLASS = YES_ERROR;
				CLANG_WARN_UNREACHABLE_CODE = YES;
				CLANG_WARN__DUPLICATE_METHOD_MATCH = YES;
				"CODE_SIGN_IDENTITY[sdk=iphoneos*]" = "iPhone Developer";
				COPY_PHASE_STRIP = NO;
				DEBUG_INFORMATION_FORMAT = "dwarf-with-dsym";
				ENABLE_STRICT_OBJC_MSGSEND = YES;
				ENABLE_TESTABILITY = YES;
				GCC_C_LANGUAGE_STANDARD = gnu99;
				GCC_DYNAMIC_NO_PIC = NO;
				GCC_NO_COMMON_BLOCKS = YES;
				GCC_OPTIMIZATION_LEVEL = 0;
				GCC_PREPROCESSOR_DEFINITIONS = (
					"DEBUG=1",
					"$(inherited)",
				);
				GCC_WARN_64_TO_32_BIT_CONVERSION = YES;
				GCC_WARN_ABOUT_RETURN_TYPE = YES_ERROR;
				GCC_WARN_UNDECLARED_SELECTOR = YES;
				GCC_WARN_UNINITIALIZED_AUTOS = YES_AGGRESSIVE;
				GCC_WARN_UNUSED_FUNCTION = YES;
				GCC_WARN_UNUSED_VARIABLE = YES;
				IPHONEOS_DEPLOYMENT_TARGET = 9.2;
				MTL_ENABLE_DEBUG_INFO = YES;
				ONLY_ACTIVE_ARCH = YES;
				SDKROOT = iphoneos;
				SWIFT_OPTIMIZATION_LEVEL = "-Onone";
			};
			name = Debug;
		};
		73E36D071C99BEB600F244D3 /* Release */ = {
			isa = XCBuildConfiguration;
			buildSettings = {
				ALWAYS_SEARCH_USER_PATHS = NO;
				CLANG_CXX_LANGUAGE_STANDARD = "gnu++0x";
				CLANG_CXX_LIBRARY = "libc++";
				CLANG_ENABLE_MODULES = YES;
				CLANG_ENABLE_OBJC_ARC = YES;
				CLANG_WARN_BOOL_CONVERSION = YES;
				CLANG_WARN_CONSTANT_CONVERSION = YES;
				CLANG_WARN_DIRECT_OBJC_ISA_USAGE = YES_ERROR;
				CLANG_WARN_EMPTY_BODY = YES;
				CLANG_WARN_ENUM_CONVERSION = YES;
				CLANG_WARN_INT_CONVERSION = YES;
				CLANG_WARN_OBJC_ROOT_CLASS = YES_ERROR;
				CLANG_WARN_UNREACHABLE_CODE = YES;
				CLANG_WARN__DUPLICATE_METHOD_MATCH = YES;
				"CODE_SIGN_IDENTITY[sdk=iphoneos*]" = "iPhone Developer";
				COPY_PHASE_STRIP = NO;
				DEBUG_INFORMATION_FORMAT = "dwarf-with-dsym";
				ENABLE_NS_ASSERTIONS = NO;
				ENABLE_STRICT_OBJC_MSGSEND = YES;
				GCC_C_LANGUAGE_STANDARD = gnu99;
				GCC_NO_COMMON_BLOCKS = YES;
				GCC_WARN_64_TO_32_BIT_CONVERSION = YES;
				GCC_WARN_ABOUT_RETURN_TYPE = YES_ERROR;
				GCC_WARN_UNDECLARED_SELECTOR = YES;
				GCC_WARN_UNINITIALIZED_AUTOS = YES_AGGRESSIVE;
				GCC_WARN_UNUSED_FUNCTION = YES;
				GCC_WARN_UNUSED_VARIABLE = YES;
				IPHONEOS_DEPLOYMENT_TARGET = 9.2;
				MTL_ENABLE_DEBUG_INFO = NO;
				SDKROOT = iphoneos;
				VALIDATE_PRODUCT = YES;
			};
			name = Release;
		};
		73E36D091C99BEB600F244D3 /* Debug */ = {
			isa = XCBuildConfiguration;
			buildSettings = {
				ASSETCATALOG_COMPILER_APPICON_NAME = AppIcon;
				CODE_SIGN_IDENTITY = "iPhone Developer";
				"CODE_SIGN_IDENTITY[sdk=iphoneos*]" = "iPhone Developer";
				INFOPLIST_FILE = "Flappy Bird (Hoy)/Info.plist";
				LD_RUNPATH_SEARCH_PATHS = "$(inherited) @executable_path/Frameworks";
				PRODUCT_BUNDLE_IDENTIFIER = "com.JungBusiness.Flappy-Bird-Hoy-";
				PRODUCT_NAME = "$(TARGET_NAME)";
				PROVISIONING_PROFILE = "";
			};
			name = Debug;
		};
		73E36D0A1C99BEB600F244D3 /* Release */ = {
			isa = XCBuildConfiguration;
			buildSettings = {
				ASSETCATALOG_COMPILER_APPICON_NAME = AppIcon;
				CODE_SIGN_IDENTITY = "iPhone Developer";
				"CODE_SIGN_IDENTITY[sdk=iphoneos*]" = "iPhone Developer";
				INFOPLIST_FILE = "Flappy Bird (Hoy)/Info.plist";
				LD_RUNPATH_SEARCH_PATHS = "$(inherited) @executable_path/Frameworks";
				PRODUCT_BUNDLE_IDENTIFIER = "com.JungBusiness.Flappy-Bird-Hoy-";
				PRODUCT_NAME = "$(TARGET_NAME)";
				PROVISIONING_PROFILE = "";
			};
			name = Release;
		};
/* End XCBuildConfiguration section */

/* Begin XCConfigurationList section */
		73E36CED1C99BEB500F244D3 /* Build configuration list for PBXProject "Flappy Bird (Hoy)" */ = {
			isa = XCConfigurationList;
			buildConfigurations = (
				73E36D061C99BEB600F244D3 /* Debug */,
				73E36D071C99BEB600F244D3 /* Release */,
			);
			defaultConfigurationIsVisible = 0;
			defaultConfigurationName = Release;
		};
		73E36D081C99BEB600F244D3 /* Build configuration list for PBXNativeTarget "Flappy Bird (Hoy)" */ = {
			isa = XCConfigurationList;
			buildConfigurations = (
				73E36D091C99BEB600F244D3 /* Debug */,
				73E36D0A1C99BEB600F244D3 /* Release */,
			);
			defaultConfigurationIsVisible = 0;
		};
/* End XCConfigurationList section */
	};
	rootObject = 73E36CEA1C99BEB500F244D3 /* Project object */;
}
